<?xml version="1.0" encoding="utf-8"?>
<Project ToolsVersion="4.0" xmlns="http://schemas.microsoft.com/developer/msbuild/2003">
  <ItemGroup>
    <Filter Include="Resource Files">
      <UniqueIdentifier>{67DA6AB6-F800-4c08-8B7A-83BB121AAD01}</UniqueIdentifier>
      <Extensions>rc;ico;cur;bmp;dlg;rc2;rct;bin;rgs;gif;jpg;jpeg;jpe;resx;tiff;tif;png;wav;mfcribbon-ms</Extensions>
    </Filter>
    <Filter Include="Engine">
      <UniqueIdentifier>{9bd76c77-3701-4163-9ae1-6d583137a19f}</UniqueIdentifier>
    </Filter>
    <Filter Include="Libs">
      <UniqueIdentifier>{b11572fe-5a42-4b2c-9456-2053dd8bf831}</UniqueIdentifier>
    </Filter>
    <Filter Include="Engine\Rules">
      <UniqueIdentifier>{dac43936-5a48-4bbd-991e-f9e4a9cfb74c}</UniqueIdentifier>
    </Filter>
    <Filter Include="Engine\Database">
      <UniqueIdentifier>{e0628937-aec8-4329-8234-105d235fca32}</UniqueIdentifier>
    </Filter>
    <Filter Include="Engine\Rete">
      <UniqueIdentifier>{dab628f3-fd59-4bf7-a812-e9c1fe54504c}</UniqueIdentifier>
    </Filter>
  </ItemGroup>
  <ItemGroup>
    <ClCompile Include="Libs\tinyxml2.cpp">
      <Filter>Libs</Filter>
    </ClCompile>
    <ClCompile Include="Source\Database\DataGroup.cpp" />
    <ClCompile Include="Source\Database\DataNode.cpp" />
    <ClCompile Include="Source\Database\LeafDataNode.cpp" />
    <ClCompile Include="Source\Rete\JoinNode.cpp" />
    <ClCompile Include="Source\Rete\PatternNode.cpp" />
    <ClCompile Include="Source\Rete\ReteNetworkFactory.cpp" />
    <ClCompile Include="Source\Rete\ReteNode.cpp" />
    <ClCompile Include="Source\Rete\RootNode.cpp" />
    <ClCompile Include="Source\Rules\BooleanCondition.cpp" />
    <ClCompile Include="Source\Rules\DataGroupCondition.cpp" />
    <ClCompile Include="Source\Rules\DataNodeCondition.cpp" />
    <ClCompile Include="Source\Rules\IdCheck.cpp" />
    <ClCompile Include="Source\Rules\NumberLeafCondition.cpp" />
    <ClCompile Include="Source\Rules\StringLeafCondition.cpp" />
    <ClCompile Include="Source\Database\DataClasses.cpp" />
    <ClCompile Include="Source\Database\DataClassFactory.cpp" />
    <ClCompile Include="Source\StringUtilities.cpp" />
  </ItemGroup>
  <ItemGroup>
    <ClInclude Include="Libs\tinyxml2.h">
      <Filter>Libs</Filter>
    </ClInclude>
    <ClInclude Include="Include\Database\DataGroup.h" />
    <ClInclude Include="Include\Database\DataNode.h" />
    <ClInclude Include="Include\Database\LeafDataNode.h" />
    <ClInclude Include="Include\Rete\JoinNode.h" />
    <ClInclude Include="Include\Rete\PatternNode.h" />
    <ClInclude Include="Include\Rete\ReteNetworkFactory.h" />
    <ClInclude Include="Include\Rete\ReteNode.h" />
    <ClInclude Include="Include\Rete\RootNode.h" />
    <ClInclude Include="Include\Rules\BooleanCondition.h" />
    <ClInclude Include="Include\Rules\Condition.h" />
    <ClInclude Include="Include\Rules\DataGroupCondition.h" />
    <ClInclude Include="Include\Rules\DataNodeCondition.h" />
    <ClInclude Include="Include\Rules\IdCheck.h" />
    <ClInclude Include="Include\Rules\NumberLeafCondition.h" />
    <ClInclude Include="Include\Rules\Rule.h" />
    <ClInclude Include="Include\Rules\StringLeafCondition.h" />
    <ClInclude Include="Include\Database\DataClasses.h" />
    <ClInclude Include="Include\Database\DataClassFactory.h" />
    <ClInclude Include="Include\StringUtilities.h" />
  </ItemGroup>
</Project>